
Microsoft Visual Studio Solution File, Format Version 12.00
# Visual Studio 14
VisualStudioVersion = 14.0.25420.1
MinimumVisualStudioVersion = 10.0.40219.1
Project("{FAE04EC0-301F-11D3-BF4B-00C04F79EFBC}") = "1. Choose a Drink", "1. Choose a Drink\1. Choose a Drink.csproj", "{4C89CAB1-E332-456D-A27A-C534FD937B9B}"
EndProject
Project("{FAE04EC0-301F-11D3-BF4B-00C04F79EFBC}") = "Choose a Drink 2.0", "Choose a Drink 2.0\Choose a Drink 2.0.csproj", "{642907FA-E536-4A5F-B518-E5854A1D42D2}"
EndProject
Project("{FAE04EC0-301F-11D3-BF4B-00C04F79EFBC}") = "Restaurant Discount", "Restaurant Discount\Restaurant Discount.csproj", "{C892F53E-E7C6-4F8B-B81A-22FC9B7A7C03}"
EndProject
Global
	GlobalSection(SolutionConfigurationPlatforms) = preSolution
		Debug|Any CPU = Debug|Any CPU
		Release|Any CPU = Release|Any CPU
	EndGlobalSection
	GlobalSection(ProjectConfigurationPlatforms) = postSolution
		{4C89CAB1-E332-456D-A27A-C534FD937B9B}.Debug|Any CPU.ActiveCfg = Debug|Any CPU
		{4C89CAB1-E332-456D-A27A-C534FD937B9B}.Debug|Any CPU.Build.0 = Debug|Any CPU
		{4C89CAB1-E332-456D-A27A-C534FD937B9B}.Release|Any CPU.ActiveCfg = Release|Any CPU
		{4C89CAB1-E332-456D-A27A-C534FD937B9B}.Release|Any CPU.Build.0 = Release|Any CPU
		{642907FA-E536-4A5F-B518-E5854A1D42D2}.Debug|Any CPU.ActiveCfg = Debug|Any CPU
		{642907FA-E536-4A5F-B518-E5854A1D42D2}.Debug|Any CPU.Build.0 = Debug|Any CPU
		{642907FA-E536-4A5F-B518-E5854A1D42D2}.Release|Any CPU.ActiveCfg = Release|Any CPU
		{642907FA-E536-4A5F-B518-E5854A1D42D2}.Release|Any CPU.Build.0 = Release|Any CPU
		{C892F53E-E7C6-4F8B-B81A-22FC9B7A7C03}.Debug|Any CPU.ActiveCfg = Debug|Any CPU
		{C892F53E-E7C6-4F8B-B81A-22FC9B7A7C03}.Debug|Any CPU.Build.0 = Debug|Any CPU
		{C892F53E-E7C6-4F8B-B81A-22FC9B7A7C03}.Release|Any CPU.ActiveCfg = Release|Any CPU
		{C892F53E-E7C6-4F8B-B81A-22FC9B7A7C03}.Release|Any CPU.Build.0 = Release|Any CPU
	EndGlobalSection
	GlobalSection(SolutionProperties) = preSolution
		HideSolutionNode = FALSE
	EndGlobalSection
EndGlobal
