
Microsoft Visual Studio Solution File, Format Version 12.00
# Visual Studio 14
VisualStudioVersion = 14.0.25420.1
MinimumVisualStudioVersion = 10.0.40219.1
Project("{FAE04EC0-301F-11D3-BF4B-00C04F79EFBC}") = "1. Choose a Drink", "1. Choose a Drink\1. Choose a Drink.csproj", "{4C89CAB1-E332-456D-A27A-C534FD937B9B}"
EndProject
Project("{FAE04EC0-301F-11D3-BF4B-00C04F79EFBC}") = "2. Choose a Drink 2.0", "Choose a Drink 2.0\2. Choose a Drink 2.0.csproj", "{642907FA-E536-4A5F-B518-E5854A1D42D2}"
EndProject
Project("{FAE04EC0-301F-11D3-BF4B-00C04F79EFBC}") = "3. Restaurant Discount", "Restaurant Discount\3. Restaurant Discount.csproj", "{C892F53E-E7C6-4F8B-B81A-22FC9B7A7C03}"
EndProject
Project("{FAE04EC0-301F-11D3-BF4B-00C04F79EFBC}") = "4. Hotel", "4. Hotel\4. Hotel.csproj", "{8E814891-76A7-464A-9310-6B5FEA87C1C9}"
EndProject
Project("{FAE04EC0-301F-11D3-BF4B-00C04F79EFBC}") = "5. Word in Plural", "5. Word in Plural\5. Word in Plural.csproj", "{D0878C07-ABA5-496B-936A-4074F34B21E7}"
EndProject
Project("{FAE04EC0-301F-11D3-BF4B-00C04F79EFBC}") = "6. Interval of Numbers", "6. Interval of Numbers\6. Interval of Numbers.csproj", "{D01FB6EE-4D35-4CDF-9A32-EAD935076EB1}"
EndProject
Project("{FAE04EC0-301F-11D3-BF4B-00C04F79EFBC}") = "7. Cake Ingredients", "7. Cake Ingredients\7. Cake Ingredients.csproj", "{E29D58AF-DDDC-45CC-96FB-9C0A0CB34404}"
EndProject
Global
	GlobalSection(SolutionConfigurationPlatforms) = preSolution
		Debug|Any CPU = Debug|Any CPU
		Release|Any CPU = Release|Any CPU
	EndGlobalSection
	GlobalSection(ProjectConfigurationPlatforms) = postSolution
		{4C89CAB1-E332-456D-A27A-C534FD937B9B}.Debug|Any CPU.ActiveCfg = Debug|Any CPU
		{4C89CAB1-E332-456D-A27A-C534FD937B9B}.Debug|Any CPU.Build.0 = Debug|Any CPU
		{4C89CAB1-E332-456D-A27A-C534FD937B9B}.Release|Any CPU.ActiveCfg = Release|Any CPU
		{4C89CAB1-E332-456D-A27A-C534FD937B9B}.Release|Any CPU.Build.0 = Release|Any CPU
		{642907FA-E536-4A5F-B518-E5854A1D42D2}.Debug|Any CPU.ActiveCfg = Debug|Any CPU
		{642907FA-E536-4A5F-B518-E5854A1D42D2}.Debug|Any CPU.Build.0 = Debug|Any CPU
		{642907FA-E536-4A5F-B518-E5854A1D42D2}.Release|Any CPU.ActiveCfg = Release|Any CPU
		{642907FA-E536-4A5F-B518-E5854A1D42D2}.Release|Any CPU.Build.0 = Release|Any CPU
		{C892F53E-E7C6-4F8B-B81A-22FC9B7A7C03}.Debug|Any CPU.ActiveCfg = Debug|Any CPU
		{C892F53E-E7C6-4F8B-B81A-22FC9B7A7C03}.Debug|Any CPU.Build.0 = Debug|Any CPU
		{C892F53E-E7C6-4F8B-B81A-22FC9B7A7C03}.Release|Any CPU.ActiveCfg = Release|Any CPU
		{C892F53E-E7C6-4F8B-B81A-22FC9B7A7C03}.Release|Any CPU.Build.0 = Release|Any CPU
		{8E814891-76A7-464A-9310-6B5FEA87C1C9}.Debug|Any CPU.ActiveCfg = Debug|Any CPU
		{8E814891-76A7-464A-9310-6B5FEA87C1C9}.Debug|Any CPU.Build.0 = Debug|Any CPU
		{8E814891-76A7-464A-9310-6B5FEA87C1C9}.Release|Any CPU.ActiveCfg = Release|Any CPU
		{8E814891-76A7-464A-9310-6B5FEA87C1C9}.Release|Any CPU.Build.0 = Release|Any CPU
		{D0878C07-ABA5-496B-936A-4074F34B21E7}.Debug|Any CPU.ActiveCfg = Debug|Any CPU
		{D0878C07-ABA5-496B-936A-4074F34B21E7}.Debug|Any CPU.Build.0 = Debug|Any CPU
		{D0878C07-ABA5-496B-936A-4074F34B21E7}.Release|Any CPU.ActiveCfg = Release|Any CPU
		{D0878C07-ABA5-496B-936A-4074F34B21E7}.Release|Any CPU.Build.0 = Release|Any CPU
		{D01FB6EE-4D35-4CDF-9A32-EAD935076EB1}.Debug|Any CPU.ActiveCfg = Debug|Any CPU
		{D01FB6EE-4D35-4CDF-9A32-EAD935076EB1}.Debug|Any CPU.Build.0 = Debug|Any CPU
		{D01FB6EE-4D35-4CDF-9A32-EAD935076EB1}.Release|Any CPU.ActiveCfg = Release|Any CPU
		{D01FB6EE-4D35-4CDF-9A32-EAD935076EB1}.Release|Any CPU.Build.0 = Release|Any CPU
		{E29D58AF-DDDC-45CC-96FB-9C0A0CB34404}.Debug|Any CPU.ActiveCfg = Debug|Any CPU
		{E29D58AF-DDDC-45CC-96FB-9C0A0CB34404}.Debug|Any CPU.Build.0 = Debug|Any CPU
		{E29D58AF-DDDC-45CC-96FB-9C0A0CB34404}.Release|Any CPU.ActiveCfg = Release|Any CPU
		{E29D58AF-DDDC-45CC-96FB-9C0A0CB34404}.Release|Any CPU.Build.0 = Release|Any CPU
	EndGlobalSection
	GlobalSection(SolutionProperties) = preSolution
		HideSolutionNode = FALSE
	EndGlobalSection
EndGlobal
